
Microsoft Visual Studio Solution File, Format Version 12.00
# Visual Studio Version 17
VisualStudioVersion = 17.2.32526.322
MinimumVisualStudioVersion = 10.0.40219.1
Project("{FAE04EC0-301F-11D3-BF4B-00C04F79EFBC}") = "WindowsFormsApp2", "WindowsFormsApp2\WindowsFormsApp2.csproj", "{2144283D-FE4C-48F0-B655-804E8649E158}"
EndProject
Global
	GlobalSection(SolutionConfigurationPlatforms) = preSolution
		Debug|Any CPU = Debug|Any CPU
		Release|Any CPU = Release|Any CPU
	EndGlobalSection
	GlobalSection(ProjectConfigurationPlatforms) = postSolution
		{2144283D-FE4C-48F0-B655-804E8649E158}.Debug|Any CPU.ActiveCfg = Debug|Any CPU
		{2144283D-FE4C-48F0-B655-804E8649E158}.Debug|Any CPU.Build.0 = Debug|Any CPU
		{2144283D-FE4C-48F0-B655-804E8649E158}.Release|Any CPU.ActiveCfg = Release|Any CPU
		{2144283D-FE4C-48F0-B655-804E8649E158}.Release|Any CPU.Build.0 = Release|Any CPU
	EndGlobalSection
	GlobalSection(SolutionProperties) = preSolution
		HideSolutionNode = FALSE
	EndGlobalSection
	GlobalSection(ExtensibilityGlobals) = postSolution
		SolutionGuid = {268469EA-3680-45A8-BA86-CB9FF69F7BF9}
	EndGlobalSection
EndGlobal
