
Microsoft Visual Studio Solution File, Format Version 12.00
# Visual Studio Version 16
VisualStudioVersion = 16.0.32413.511
MinimumVisualStudioVersion = 10.0.40219.1
Project("{FAE04EC0-301F-11D3-BF4B-00C04F79EFBC}") = "Icomparer", "Icomparer\Icomparer.csproj", "{EA9427E8-9814-4429-8945-5E545D9737BB}"
EndProject
Project("{FAE04EC0-301F-11D3-BF4B-00C04F79EFBC}") = "EjemploClaseVista", "..\EjemploClaseVista\EjemploClaseVista.csproj", "{4D079E21-295A-4E95-A06E-5EED84B51399}"
EndProject
Global
	GlobalSection(SolutionConfigurationPlatforms) = preSolution
		Debug|Any CPU = Debug|Any CPU
		Release|Any CPU = Release|Any CPU
	EndGlobalSection
	GlobalSection(ProjectConfigurationPlatforms) = postSolution
		{EA9427E8-9814-4429-8945-5E545D9737BB}.Debug|Any CPU.ActiveCfg = Debug|Any CPU
		{EA9427E8-9814-4429-8945-5E545D9737BB}.Debug|Any CPU.Build.0 = Debug|Any CPU
		{EA9427E8-9814-4429-8945-5E545D9737BB}.Release|Any CPU.ActiveCfg = Release|Any CPU
		{EA9427E8-9814-4429-8945-5E545D9737BB}.Release|Any CPU.Build.0 = Release|Any CPU
		{4D079E21-295A-4E95-A06E-5EED84B51399}.Debug|Any CPU.ActiveCfg = Debug|Any CPU
		{4D079E21-295A-4E95-A06E-5EED84B51399}.Debug|Any CPU.Build.0 = Debug|Any CPU
		{4D079E21-295A-4E95-A06E-5EED84B51399}.Release|Any CPU.ActiveCfg = Release|Any CPU
		{4D079E21-295A-4E95-A06E-5EED84B51399}.Release|Any CPU.Build.0 = Release|Any CPU
	EndGlobalSection
	GlobalSection(SolutionProperties) = preSolution
		HideSolutionNode = FALSE
	EndGlobalSection
	GlobalSection(ExtensibilityGlobals) = postSolution
		SolutionGuid = {E7D080D4-688F-4D39-9FEB-2BA5F760079C}
	EndGlobalSection
EndGlobal
