
Microsoft Visual Studio Solution File, Format Version 12.00
# Visual Studio Version 17
VisualStudioVersion = 17.2.32616.157
MinimumVisualStudioVersion = 10.0.40219.1
Project("{FAE04EC0-301F-11D3-BF4B-00C04F79EFBC}") = "Ejercicio_POO", "Ejercicio_POO\Ejercicio_POO.csproj", "{9CFA67CD-84C8-4A39-8216-206087649926}"
EndProject
Project("{FAE04EC0-301F-11D3-BF4B-00C04F79EFBC}") = "ADO_Conectado", "ADO_Conectado\ADO_Conectado.csproj", "{7E73F56B-CA0E-4DCB-8C9E-543F7D6F48B0}"
EndProject
Global
	GlobalSection(SolutionConfigurationPlatforms) = preSolution
		Debug|Any CPU = Debug|Any CPU
		Release|Any CPU = Release|Any CPU
	EndGlobalSection
	GlobalSection(ProjectConfigurationPlatforms) = postSolution
		{9CFA67CD-84C8-4A39-8216-206087649926}.Debug|Any CPU.ActiveCfg = Debug|Any CPU
		{9CFA67CD-84C8-4A39-8216-206087649926}.Debug|Any CPU.Build.0 = Debug|Any CPU
		{9CFA67CD-84C8-4A39-8216-206087649926}.Release|Any CPU.ActiveCfg = Release|Any CPU
		{9CFA67CD-84C8-4A39-8216-206087649926}.Release|Any CPU.Build.0 = Release|Any CPU
		{7E73F56B-CA0E-4DCB-8C9E-543F7D6F48B0}.Debug|Any CPU.ActiveCfg = Debug|Any CPU
		{7E73F56B-CA0E-4DCB-8C9E-543F7D6F48B0}.Debug|Any CPU.Build.0 = Debug|Any CPU
		{7E73F56B-CA0E-4DCB-8C9E-543F7D6F48B0}.Release|Any CPU.ActiveCfg = Release|Any CPU
		{7E73F56B-CA0E-4DCB-8C9E-543F7D6F48B0}.Release|Any CPU.Build.0 = Release|Any CPU
	EndGlobalSection
	GlobalSection(SolutionProperties) = preSolution
		HideSolutionNode = FALSE
	EndGlobalSection
	GlobalSection(ExtensibilityGlobals) = postSolution
		SolutionGuid = {3B20563C-DB11-4B38-9075-824CB00862DD}
	EndGlobalSection
EndGlobal
